
Microsoft Visual Studio Solution File, Format Version 12.00
# Visual Studio Version 17
VisualStudioVersion = 17.7.34031.279
MinimumVisualStudioVersion = 10.0.40219.1
Project("{FAE04EC0-301F-11D3-BF4B-00C04F79EFBC}") = "Epicode-U5-W1-D5-Benchmark", "Epicode-U5-W1-D5-Benchmark\Epicode-U5-W1-D5-Benchmark.csproj", "{FCDCEE26-7F4A-44F6-B000-DE162F4EF2DC}"
EndProject
Global
	GlobalSection(SolutionConfigurationPlatforms) = preSolution
		Debug|Any CPU = Debug|Any CPU
		Release|Any CPU = Release|Any CPU
	EndGlobalSection
	GlobalSection(ProjectConfigurationPlatforms) = postSolution
		{FCDCEE26-7F4A-44F6-B000-DE162F4EF2DC}.Debug|Any CPU.ActiveCfg = Debug|Any CPU
		{FCDCEE26-7F4A-44F6-B000-DE162F4EF2DC}.Debug|Any CPU.Build.0 = Debug|Any CPU
		{FCDCEE26-7F4A-44F6-B000-DE162F4EF2DC}.Release|Any CPU.ActiveCfg = Release|Any CPU
		{FCDCEE26-7F4A-44F6-B000-DE162F4EF2DC}.Release|Any CPU.Build.0 = Release|Any CPU
	EndGlobalSection
	GlobalSection(SolutionProperties) = preSolution
		HideSolutionNode = FALSE
	EndGlobalSection
	GlobalSection(ExtensibilityGlobals) = postSolution
		SolutionGuid = {70789C96-3B0A-4AD1-80DB-7DD3BEAFD40D}
	EndGlobalSection
EndGlobal
